// !$*UTF8*$!
{
	archiveVersion = 1;
	classes = {
	};
	objectVersion = 48;
	objects = {

/* Begin PBXBuildFile section */
		3F280D8F1F7C66200088EEAB /* AppDelegate.swift in Sources */ = {isa = PBXBuildFile; fileRef = 3F280D8E1F7C66200088EEAB /* AppDelegate.swift */; };
		3F280D911F7C66200088EEAB /* ViewController.swift in Sources */ = {isa = PBXBuildFile; fileRef = 3F280D901F7C66200088EEAB /* ViewController.swift */; };
		3F280D941F7C66200088EEAB /* Main.storyboard in Resources */ = {isa = PBXBuildFile; fileRef = 3F280D921F7C66200088EEAB /* Main.storyboard */; };
		3F280D961F7C66200088EEAB /* Assets.xcassets in Resources */ = {isa = PBXBuildFile; fileRef = 3F280D951F7C66200088EEAB /* Assets.xcassets */; };
		3F280D991F7C66200088EEAB /* LaunchScreen.storyboard in Resources */ = {isa = PBXBuildFile; fileRef = 3F280D971F7C66200088EEAB /* LaunchScreen.storyboard */; };
		3F280DA11F7C69980088EEAB /* weather.swift in Sources */ = {isa = PBXBuildFile; fileRef = 3F280DA01F7C69980088EEAB /* weather.swift */; };
		3F280DA31F7C6BE80088EEAB /* DataService.swift in Sources */ = {isa = PBXBuildFile; fileRef = 3F280DA21F7C6BE80088EEAB /* DataService.swift */; };
		3F280DA51F7C6C060088EEAB /* Extension.swift in Sources */ = {isa = PBXBuildFile; fileRef = 3F280DA41F7C6C050088EEAB /* Extension.swift */; };
		3F564EA01F7C8EAF00C29075 /* CustomCollectionViewCell.swift in Sources */ = {isa = PBXBuildFile; fileRef = 3F564E9F1F7C8EAF00C29075 /* CustomCollectionViewCell.swift */; };
		3F564EA41F7C9DFC00C29075 /* CustomTableViewCell.swift in Sources */ = {isa = PBXBuildFile; fileRef = 3F564EA31F7C9DFC00C29075 /* CustomTableViewCell.swift */; };
/* End PBXBuildFile section */

/* Begin PBXFileReference section */
		3F280D8B1F7C66200088EEAB /* weatherApplication.app */ = {isa = PBXFileReference; explicitFileType = wrapper.application; includeInIndex = 0; path = weatherApplication.app; sourceTree = BUILT_PRODUCTS_DIR; };
		3F280D8E1F7C66200088EEAB /* AppDelegate.swift */ = {isa = PBXFileReference; lastKnownFileType = sourcecode.swift; path = AppDelegate.swift; sourceTree = "<group>"; };
		3F280D901F7C66200088EEAB /* ViewController.swift */ = {isa = PBXFileReference; lastKnownFileType = sourcecode.swift; path = ViewController.swift; sourceTree = "<group>"; };
		3F280D931F7C66200088EEAB /* Base */ = {isa = PBXFileReference; lastKnownFileType = file.storyboard; name = Base; path = Base.lproj/Main.storyboard; sourceTree = "<group>"; };
		3F280D951F7C66200088EEAB /* Assets.xcassets */ = {isa = PBXFileReference; lastKnownFileType = folder.assetcatalog; path = Assets.xcassets; sourceTree = "<group>"; };
		3F280D981F7C66200088EEAB /* Base */ = {isa = PBXFileReference; lastKnownFileType = file.storyboard; name = Base; path = Base.lproj/LaunchScreen.storyboard; sourceTree = "<group>"; };
		3F280D9A1F7C66200088EEAB /* Info.plist */ = {isa = PBXFileReference; lastKnownFileType = text.plist.xml; path = Info.plist; sourceTree = "<group>"; };
		3F280DA01F7C69980088EEAB /* weather.swift */ = {isa = PBXFileReference; lastKnownFileType = sourcecode.swift; path = weather.swift; sourceTree = "<group>"; };
		3F280DA21F7C6BE80088EEAB /* DataService.swift */ = {isa = PBXFileReference; lastKnownFileType = sourcecode.swift; path = DataService.swift; sourceTree = "<group>"; };
		3F280DA41F7C6C050088EEAB /* Extension.swift */ = {isa = PBXFileReference; lastKnownFileType = sourcecode.swift; path = Extension.swift; sourceTree = "<group>"; };
		3F564E9F1F7C8EAF00C29075 /* CustomCollectionViewCell.swift */ = {isa = PBXFileReference; lastKnownFileType = sourcecode.swift; path = CustomCollectionViewCell.swift; sourceTree = "<group>"; };
		3F564EA31F7C9DFC00C29075 /* CustomTableViewCell.swift */ = {isa = PBXFileReference; lastKnownFileType = sourcecode.swift; path = CustomTableViewCell.swift; sourceTree = "<group>"; };
/* End PBXFileReference section */

/* Begin PBXFrameworksBuildPhase section */
		3F280D881F7C66200088EEAB /* Frameworks */ = {
			isa = PBXFrameworksBuildPhase;
			buildActionMask = 2147483647;
			files = (
			);
			runOnlyForDeploymentPostprocessing = 0;
		};
/* End PBXFrameworksBuildPhase section */

/* Begin PBXGroup section */
		3F280D821F7C66200088EEAB = {
			isa = PBXGroup;
			children = (
				3F280D8D1F7C66200088EEAB /* weatherApplication */,
				3F280D8C1F7C66200088EEAB /* Products */,
			);
			sourceTree = "<group>";
		};
		3F280D8C1F7C66200088EEAB /* Products */ = {
			isa = PBXGroup;
			children = (
				3F280D8B1F7C66200088EEAB /* weatherApplication.app */,
			);
			name = Products;
			sourceTree = "<group>";
		};
		3F280D8D1F7C66200088EEAB /* weatherApplication */ = {
			isa = PBXGroup;
			children = (
				3F280D8E1F7C66200088EEAB /* AppDelegate.swift */,
				3F564E9D1F7C8CB400C29075 /* Controller */,
				3F564E9E1F7C8CCD00C29075 /* Model */,
				3F280D921F7C66200088EEAB /* Main.storyboard */,
				3F280D951F7C66200088EEAB /* Assets.xcassets */,
				3F280D971F7C66200088EEAB /* LaunchScreen.storyboard */,
				3F280D9A1F7C66200088EEAB /* Info.plist */,
			);
			path = weatherApplication;
			sourceTree = "<group>";
		};
		3F564E9D1F7C8CB400C29075 /* Controller */ = {
			isa = PBXGroup;
			children = (
				3F280D901F7C66200088EEAB /* ViewController.swift */,
			);
			path = Controller;
			sourceTree = "<group>";
		};
		3F564E9E1F7C8CCD00C29075 /* Model */ = {
			isa = PBXGroup;
			children = (
				3F564EA31F7C9DFC00C29075 /* CustomTableViewCell.swift */,
				3F564E9F1F7C8EAF00C29075 /* CustomCollectionViewCell.swift */,
				3F280DA21F7C6BE80088EEAB /* DataService.swift */,
				3F280DA01F7C69980088EEAB /* weather.swift */,
				3F280DA41F7C6C050088EEAB /* Extension.swift */,
			);
			path = Model;
			sourceTree = "<group>";
		};
/* End PBXGroup section */

/* Begin PBXNativeTarget section */
		3F280D8A1F7C66200088EEAB /* weatherApplication */ = {
			isa = PBXNativeTarget;
			buildConfigurationList = 3F280D9D1F7C66200088EEAB /* Build configuration list for PBXNativeTarget "weatherApplication" */;
			buildPhases = (
				3F280D871F7C66200088EEAB /* Sources */,
				3F280D881F7C66200088EEAB /* Frameworks */,
				3F280D891F7C66200088EEAB /* Resources */,
			);
			buildRules = (
			);
			dependencies = (
			);
			name = weatherApplication;
			productName = weatherApplication;
			productReference = 3F280D8B1F7C66200088EEAB /* weatherApplication.app */;
			productType = "com.apple.product-type.application";
		};
/* End PBXNativeTarget section */

/* Begin PBXProject section */
		3F280D831F7C66200088EEAB /* Project object */ = {
			isa = PBXProject;
			attributes = {
				LastSwiftUpdateCheck = 0900;
				LastUpgradeCheck = 0900;
				ORGANIZATIONNAME = Hao;
				TargetAttributes = {
					3F280D8A1F7C66200088EEAB = {
						CreatedOnToolsVersion = 9.0;
						ProvisioningStyle = Automatic;
					};
				};
			};
			buildConfigurationList = 3F280D861F7C66200088EEAB /* Build configuration list for PBXProject "weatherApplication" */;
			compatibilityVersion = "Xcode 8.0";
			developmentRegion = en;
			hasScannedForEncodings = 0;
			knownRegions = (
				en,
				Base,
			);
			mainGroup = 3F280D821F7C66200088EEAB;
			productRefGroup = 3F280D8C1F7C66200088EEAB /* Products */;
			projectDirPath = "";
			projectRoot = "";
			targets = (
				3F280D8A1F7C66200088EEAB /* weatherApplication */,
			);
		};
/* End PBXProject section */

/* Begin PBXResourcesBuildPhase section */
		3F280D891F7C66200088EEAB /* Resources */ = {
			isa = PBXResourcesBuildPhase;
			buildActionMask = 2147483647;
			files = (
				3F280D991F7C66200088EEAB /* LaunchScreen.storyboard in Resources */,
				3F280D961F7C66200088EEAB /* Assets.xcassets in Resources */,
				3F280D941F7C66200088EEAB /* Main.storyboard in Resources */,
			);
			runOnlyForDeploymentPostprocessing = 0;
		};
/* End PBXResourcesBuildPhase section */

/* Begin PBXSourcesBuildPhase section */
		3F280D871F7C66200088EEAB /* Sources */ = {
			isa = PBXSourcesBuildPhase;
			buildActionMask = 2147483647;
			files = (
				3F280DA51F7C6C060088EEAB /* Extension.swift in Sources */,
				3F564EA01F7C8EAF00C29075 /* CustomCollectionViewCell.swift in Sources */,
				3F280D911F7C66200088EEAB /* ViewController.swift in Sources */,
				3F564EA41F7C9DFC00C29075 /* CustomTableViewCell.swift in Sources */,
				3F280D8F1F7C66200088EEAB /* AppDelegate.swift in Sources */,
				3F280DA11F7C69980088EEAB /* weather.swift in Sources */,
				3F280DA31F7C6BE80088EEAB /* DataService.swift in Sources */,
			);
			runOnlyForDeploymentPostprocessing = 0;
		};
/* End PBXSourcesBuildPhase section */

/* Begin PBXVariantGroup section */
		3F280D921F7C66200088EEAB /* Main.storyboard */ = {
			isa = PBXVariantGroup;
			children = (
				3F280D931F7C66200088EEAB /* Base */,
			);
			name = Main.storyboard;
			sourceTree = "<group>";
		};
		3F280D971F7C66200088EEAB /* LaunchScreen.storyboard */ = {
			isa = PBXVariantGroup;
			children = (
				3F280D981F7C66200088EEAB /* Base */,
			);
			name = LaunchScreen.storyboard;
			sourceTree = "<group>";
		};
/* End PBXVariantGroup section */

/* Begin XCBuildConfiguration section */
		3F280D9B1F7C66200088EEAB /* Debug */ = {
			isa = XCBuildConfiguration;
			buildSettings = {
				ALWAYS_SEARCH_USER_PATHS = NO;
				CLANG_ANALYZER_NONNULL = YES;
				CLANG_ANALYZER_NUMBER_OBJECT_CONVERSION = YES_AGGRESSIVE;
				CLANG_CXX_LANGUAGE_STANDARD = "gnu++14";
				CLANG_CXX_LIBRARY = "libc++";
				CLANG_ENABLE_MODULES = YES;
				CLANG_ENABLE_OBJC_ARC = YES;
				CLANG_WARN_BLOCK_CAPTURE_AUTORELEASING = YES;
				CLANG_WARN_BOOL_CONVERSION = YES;
				CLANG_WARN_COMMA = YES;
				CLANG_WARN_CONSTANT_CONVERSION = YES;
				CLANG_WARN_DIRECT_OBJC_ISA_USAGE = YES_ERROR;
				CLANG_WARN_DOCUMENTATION_COMMENTS = YES;
				CLANG_WARN_EMPTY_BODY = YES;
				CLANG_WARN_ENUM_CONVERSION = YES;
				CLANG_WARN_INFINITE_RECURSION = YES;
				CLANG_WARN_INT_CONVERSION = YES;
				CLANG_WARN_NON_LITERAL_NULL_CONVERSION = YES;
				CLANG_WARN_OBJC_LITERAL_CONVERSION = YES;
				CLANG_WARN_OBJC_ROOT_CLASS = YES_ERROR;
				CLANG_WARN_RANGE_LOOP_ANALYSIS = YES;
				CLANG_WARN_STRICT_PROTOTYPES = YES;
				CLANG_WARN_SUSPICIOUS_MOVE = YES;
				CLANG_WARN_UNGUARDED_AVAILABILITY = YES_AGGRESSIVE;
				CLANG_WARN_UNREACHABLE_CODE = YES;
				CLANG_WARN__DUPLICATE_METHOD_MATCH = YES;
				CODE_SIGN_IDENTITY = "iPhone Developer";
				COPY_PHASE_STRIP = NO;
				DEBUG_INFORMATION_FORMAT = dwarf;
				ENABLE_STRICT_OBJC_MSGSEND = YES;
				ENABLE_TESTABILITY = YES;
				GCC_C_LANGUAGE_STANDARD = gnu11;
				GCC_DYNAMIC_NO_PIC = NO;
				GCC_NO_COMMON_BLOCKS = YES;
				GCC_OPTIMIZATION_LEVEL = 0;
				GCC_PREPROCESSOR_DEFINITIONS = (
					"DEBUG=1",
					"$(inherited)",
				);
				GCC_WARN_64_TO_32_BIT_CONVERSION = YES;
				GCC_WARN_ABOUT_RETURN_TYPE = YES_ERROR;
				GCC_WARN_UNDECLARED_SELECTOR = YES;
				GCC_WARN_UNINITIALIZED_AUTOS = YES_AGGRESSIVE;
				GCC_WARN_UNUSED_FUNCTION = YES;
				GCC_WARN_UNUSED_VARIABLE = YES;
				IPHONEOS_DEPLOYMENT_TARGET = 11.0;
				MTL_ENABLE_DEBUG_INFO = YES;
				ONLY_ACTIVE_ARCH = YES;
				SDKROOT = iphoneos;
				SWIFT_ACTIVE_COMPILATION_CONDITIONS = DEBUG;
				SWIFT_OPTIMIZATION_LEVEL = "-Onone";
			};
			name = Debug;
		};
		3F280D9C1F7C66200088EEAB /* Release */ = {
			isa = XCBuildConfiguration;
			buildSettings = {
				ALWAYS_SEARCH_USER_PATHS = NO;
				CLANG_ANALYZER_NONNULL = YES;
				CLANG_ANALYZER_NUMBER_OBJECT_CONVERSION = YES_AGGRESSIVE;
				CLANG_CXX_LANGUAGE_STANDARD = "gnu++14";
				CLANG_CXX_LIBRARY = "libc++";
				CLANG_ENABLE_MODULES = YES;
				CLANG_ENABLE_OBJC_ARC = YES;
				CLANG_WARN_BLOCK_CAPTURE_AUTORELEASING = YES;
				CLANG_WARN_BOOL_CONVERSION = YES;
				CLANG_WARN_COMMA = YES;
				CLANG_WARN_CONSTANT_CONVERSION = YES;
				CLANG_WARN_DIRECT_OBJC_ISA_USAGE = YES_ERROR;
				CLANG_WARN_DOCUMENTATION_COMMENTS = YES;
				CLANG_WARN_EMPTY_BODY = YES;
				CLANG_WARN_ENUM_CONVERSION = YES;
				CLANG_WARN_INFINITE_RECURSION = YES;
				CLANG_WARN_INT_CONVERSION = YES;
				CLANG_WARN_NON_LITERAL_NULL_CONVERSION = YES;
				CLANG_WARN_OBJC_LITERAL_CONVERSION = YES;
				CLANG_WARN_OBJC_ROOT_CLASS = YES_ERROR;
				CLANG_WARN_RANGE_LOOP_ANALYSIS = YES;
				CLANG_WARN_STRICT_PROTOTYPES = YES;
				CLANG_WARN_SUSPICIOUS_MOVE = YES;
				CLANG_WARN_UNGUARDED_AVAILABILITY = YES_AGGRESSIVE;
				CLANG_WARN_UNREACHABLE_CODE = YES;
				CLANG_WARN__DUPLICATE_METHOD_MATCH = YES;
				CODE_SIGN_IDENTITY = "iPhone Developer";
				COPY_PHASE_STRIP = NO;
				DEBUG_INFORMATION_FORMAT = "dwarf-with-dsym";
				ENABLE_NS_ASSERTIONS = NO;
				ENABLE_STRICT_OBJC_MSGSEND = YES;
				GCC_C_LANGUAGE_STANDARD = gnu11;
				GCC_NO_COMMON_BLOCKS = YES;
				GCC_WARN_64_TO_32_BIT_CONVERSION = YES;
				GCC_WARN_ABOUT_RETURN_TYPE = YES_ERROR;
				GCC_WARN_UNDECLARED_SELECTOR = YES;
				GCC_WARN_UNINITIALIZED_AUTOS = YES_AGGRESSIVE;
				GCC_WARN_UNUSED_FUNCTION = YES;
				GCC_WARN_UNUSED_VARIABLE = YES;
				IPHONEOS_DEPLOYMENT_TARGET = 11.0;
				MTL_ENABLE_DEBUG_INFO = NO;
				SDKROOT = iphoneos;
				SWIFT_OPTIMIZATION_LEVEL = "-Owholemodule";
				VALIDATE_PRODUCT = YES;
			};
			name = Release;
		};
		3F280D9E1F7C66200088EEAB /* Debug */ = {
			isa = XCBuildConfiguration;
			buildSettings = {
				ASSETCATALOG_COMPILER_APPICON_NAME = AppIcon;
				CODE_SIGN_STYLE = Automatic;
				DEVELOPMENT_TEAM = "";
				INFOPLIST_FILE = weatherApplication/Info.plist;
				IPHONEOS_DEPLOYMENT_TARGET = 11.0;
				LD_RUNPATH_SEARCH_PATHS = "$(inherited) @executable_path/Frameworks";
				PRODUCT_BUNDLE_IDENTIFIER = hao.weatherApplication;
				PRODUCT_NAME = "$(TARGET_NAME)";
				SWIFT_VERSION = 4.0;
				TARGETED_DEVICE_FAMILY = "1,2";
			};
			name = Debug;
		};
		3F280D9F1F7C66200088EEAB /* Release */ = {
			isa = XCBuildConfiguration;
			buildSettings = {
				ASSETCATALOG_COMPILER_APPICON_NAME = AppIcon;
				CODE_SIGN_STYLE = Automatic;
				DEVELOPMENT_TEAM = "";
				INFOPLIST_FILE = weatherApplication/Info.plist;
				IPHONEOS_DEPLOYMENT_TARGET = 11.0;
				LD_RUNPATH_SEARCH_PATHS = "$(inherited) @executable_path/Frameworks";
				PRODUCT_BUNDLE_IDENTIFIER = hao.weatherApplication;
				PRODUCT_NAME = "$(TARGET_NAME)";
				SWIFT_VERSION = 4.0;
				TARGETED_DEVICE_FAMILY = "1,2";
			};
			name = Release;
		};
/* End XCBuildConfiguration section */

/* Begin XCConfigurationList section */
		3F280D861F7C66200088EEAB /* Build configuration list for PBXProject "weatherApplication" */ = {
			isa = XCConfigurationList;
			buildConfigurations = (
				3F280D9B1F7C66200088EEAB /* Debug */,
				3F280D9C1F7C66200088EEAB /* Release */,
			);
			defaultConfigurationIsVisible = 0;
			defaultConfigurationName = Release;
		};
		3F280D9D1F7C66200088EEAB /* Build configuration list for PBXNativeTarget "weatherApplication" */ = {
			isa = XCConfigurationList;
			buildConfigurations = (
				3F280D9E1F7C66200088EEAB /* Debug */,
				3F280D9F1F7C66200088EEAB /* Release */,
			);
			defaultConfigurationIsVisible = 0;
			defaultConfigurationName = Release;
		};
/* End XCConfigurationList section */
	};
	rootObject = 3F280D831F7C66200088EEAB /* Project object */;
}
